
Microsoft Visual Studio Solution File, Format Version 12.00
# Visual Studio Version 17
VisualStudioVersion = 17.11.35222.181
MinimumVisualStudioVersion = 10.0.40219.1
Project("{9A19103F-16F7-4668-BE54-9A1E7A4F7556}") = "Quiz", "Quiz.csproj", "{71FE4868-F3EB-46C3-9F8C-E773ECB392C7}"
EndProject
Global
	GlobalSection(SolutionConfigurationPlatforms) = preSolution
		Debug|Any CPU = Debug|Any CPU
		Release|Any CPU = Release|Any CPU
	EndGlobalSection
	GlobalSection(ProjectConfigurationPlatforms) = postSolution
		{71FE4868-F3EB-46C3-9F8C-E773ECB392C7}.Debug|Any CPU.ActiveCfg = Debug|Any CPU
		{71FE4868-F3EB-46C3-9F8C-E773ECB392C7}.Debug|Any CPU.Build.0 = Debug|Any CPU
		{71FE4868-F3EB-46C3-9F8C-E773ECB392C7}.Release|Any CPU.ActiveCfg = Release|Any CPU
		{71FE4868-F3EB-46C3-9F8C-E773ECB392C7}.Release|Any CPU.Build.0 = Release|Any CPU
	EndGlobalSection
	GlobalSection(SolutionProperties) = preSolution
		HideSolutionNode = FALSE
	EndGlobalSection
	GlobalSection(ExtensibilityGlobals) = postSolution
		SolutionGuid = {7D8A12DA-1388-4C05-811A-625508E4BF62}
	EndGlobalSection
EndGlobal
